
Microsoft Visual Studio Solution File, Format Version 12.00
# Visual Studio Version 16
VisualStudioVersion = 16.0.31313.79
MinimumVisualStudioVersion = 10.0.40219.1
Project("{FAE04EC0-301F-11D3-BF4B-00C04F79EFBC}") = "Assignment2_summer 2021", "Assignment2_summer 2021\Assignment2_summer 2021.csproj", "{BCB4CDE0-2A93-4568-B576-5E4062E29F02}"
EndProject
Global
	GlobalSection(SolutionConfigurationPlatforms) = preSolution
		Debug|Any CPU = Debug|Any CPU
		Release|Any CPU = Release|Any CPU
	EndGlobalSection
	GlobalSection(ProjectConfigurationPlatforms) = postSolution
		{BCB4CDE0-2A93-4568-B576-5E4062E29F02}.Debug|Any CPU.ActiveCfg = Debug|Any CPU
		{BCB4CDE0-2A93-4568-B576-5E4062E29F02}.Debug|Any CPU.Build.0 = Debug|Any CPU
		{BCB4CDE0-2A93-4568-B576-5E4062E29F02}.Release|Any CPU.ActiveCfg = Release|Any CPU
		{BCB4CDE0-2A93-4568-B576-5E4062E29F02}.Release|Any CPU.Build.0 = Release|Any CPU
	EndGlobalSection
	GlobalSection(SolutionProperties) = preSolution
		HideSolutionNode = FALSE
	EndGlobalSection
	GlobalSection(ExtensibilityGlobals) = postSolution
		SolutionGuid = {BE411C6D-FEEA-4BC6-915D-B1E0B4C9BBBF}
	EndGlobalSection
EndGlobal
